
Microsoft Visual Studio Solution File, Format Version 12.00
# Visual Studio Version 16
VisualStudioVersion = 16.0.29519.181
MinimumVisualStudioVersion = 10.0.40219.1
Project("{FAE04EC0-301F-11D3-BF4B-00C04F79EFBC}") = "CS_TrainTicketing", "CS_TrainTicketing\CS_TrainTicketing.csproj", "{8FB3F286-C35C-4DDF-9F4B-7C3F42076956}"
EndProject
Global
	GlobalSection(SolutionConfigurationPlatforms) = preSolution
		Debug|Any CPU = Debug|Any CPU
		Release|Any CPU = Release|Any CPU
	EndGlobalSection
	GlobalSection(ProjectConfigurationPlatforms) = postSolution
		{8FB3F286-C35C-4DDF-9F4B-7C3F42076956}.Debug|Any CPU.ActiveCfg = Debug|Any CPU
		{8FB3F286-C35C-4DDF-9F4B-7C3F42076956}.Debug|Any CPU.Build.0 = Debug|Any CPU
		{8FB3F286-C35C-4DDF-9F4B-7C3F42076956}.Release|Any CPU.ActiveCfg = Release|Any CPU
		{8FB3F286-C35C-4DDF-9F4B-7C3F42076956}.Release|Any CPU.Build.0 = Release|Any CPU
	EndGlobalSection
	GlobalSection(SolutionProperties) = preSolution
		HideSolutionNode = FALSE
	EndGlobalSection
	GlobalSection(ExtensibilityGlobals) = postSolution
		SolutionGuid = {CE423287-CA90-4AF3-AF72-D3A5C09A0543}
	EndGlobalSection
EndGlobal
